
Microsoft Visual Studio Solution File, Format Version 12.00
# Visual Studio Version 17
VisualStudioVersion = 17.0.31903.59
MinimumVisualStudioVersion = 10.0.40219.1
Project("{2150E333-8FDC-42A3-9474-1A3956D46DE8}") = "src", "src", "{827E0CD3-B72D-47B6-A68D-7590B98EB39B}"
EndProject
Project("{FAE04EC0-301F-11D3-BF4B-00C04F79EFBC}") = "PerceptoX.Core", "src\PerceptoX.Core\PerceptoX.Core.csproj", "{035FE0F0-4B54-48A4-84B1-21BAD9F8FE35}"
EndProject
Project("{FAE04EC0-301F-11D3-BF4B-00C04F79EFBC}") = "PerceptoX.Application", "src\PerceptoX.Application\PerceptoX.Application.csproj", "{691A5429-983F-4921-A0D7-D9B214674C98}"
EndProject
Project("{FAE04EC0-301F-11D3-BF4B-00C04F79EFBC}") = "PerceptoX.Infrastructure", "src\PerceptoX.Infrastructure\PerceptoX.Infrastructure.csproj", "{F4A9ABAA-E590-4AA8-AC15-DCFC53E2FE4A}"
EndProject
Project("{FAE04EC0-301F-11D3-BF4B-00C04F79EFBC}") = "PerceptoX.Cli", "src\PerceptoX.Cli\PerceptoX.Cli.csproj", "{8F9F16B1-678B-424E-98F2-DE7AC5DAE774}"
EndProject
Project("{2150E333-8FDC-42A3-9474-1A3956D46DE8}") = "tools", "tools", "{C97B54B4-1C77-4B24-9E2D-7941F6214263}"
EndProject
Project("{FAE04EC0-301F-11D3-BF4B-00C04F79EFBC}") = "PerceptoX.Dataset", "tools\PerceptoX.Dataset\PerceptoX.Dataset.csproj", "{B5CA7BBE-1111-4F11-8F7E-CEFA06C02910}"
EndProject
Project("{2150E333-8FDC-42A3-9474-1A3956D46DE8}") = "benchmarks", "benchmarks", "{F2D83D03-F5A3-4E3B-9DBA-D2494499883C}"
EndProject
Project("{FAE04EC0-301F-11D3-BF4B-00C04F79EFBC}") = "PerceptoX.Benchmarks", "benchmarks\PerceptoX.Benchmarks\PerceptoX.Benchmarks.csproj", "{A10C2930-3738-4958-86D5-25671C4B84AA}"
EndProject
Project("{2150E333-8FDC-42A3-9474-1A3956D46DE8}") = "tests", "tests", "{0AB3BF05-4346-4AA6-1389-037BE0695223}"
EndProject
Project("{FAE04EC0-301F-11D3-BF4B-00C04F79EFBC}") = "PerceptoX.Core.Tests", "tests\PerceptoX.Core.Tests\PerceptoX.Core.Tests.csproj", "{7B0A7A1C-E7D5-4111-A554-3EB0654C2DBC}"
EndProject
Project("{FAE04EC0-301F-11D3-BF4B-00C04F79EFBC}") = "PerceptoX.Application.Tests", "tests\PerceptoX.Application.Tests\PerceptoX.Application.Tests.csproj", "{834261DF-E704-4398-B10C-23034FDA612F}"
EndProject
Project("{FAE04EC0-301F-11D3-BF4B-00C04F79EFBC}") = "PerceptoX.Infrastructure.Tests", "tests\PerceptoX.Infrastructure.Tests\PerceptoX.Infrastructure.Tests.csproj", "{AD9170FA-F8E4-4AFD-83A3-E388D26D587D}"
EndProject
Project("{FAE04EC0-301F-11D3-BF4B-00C04F79EFBC}") = "PerceptoX.Presentation", "src\PerceptoX.Presentation\PerceptoX.Presentation.csproj", "{EDEB416C-C9C8-4ECD-BAC8-E3CC14E7995F}"
EndProject
Project("{FAE04EC0-301F-11D3-BF4B-00C04F79EFBC}") = "PerceptoX.Presentation.Tests", "tests\PerceptoX.Presentation.Tests\PerceptoX.Presentation.Tests.csproj", "{405C9B59-CDA7-47FD-9CA9-45586672AF07}"
EndProject
Project("{FAE04EC0-301F-11D3-BF4B-00C04F79EFBC}") = "PerceptoX.WinUI", "src\PerceptoX.WinUI\PerceptoX.WinUI.csproj", "{09CAC42D-E2C1-4409-9756-C5661340FE93}"
EndProject
Global
	GlobalSection(SolutionConfigurationPlatforms) = preSolution
		Debug|Any CPU = Debug|Any CPU
		Debug|x64 = Debug|x64
		Debug|x86 = Debug|x86
		Release|Any CPU = Release|Any CPU
		Release|x64 = Release|x64
		Release|x86 = Release|x86
	EndGlobalSection
	GlobalSection(ProjectConfigurationPlatforms) = postSolution
		{035FE0F0-4B54-48A4-84B1-21BAD9F8FE35}.Debug|Any CPU.ActiveCfg = Debug|Any CPU
		{035FE0F0-4B54-48A4-84B1-21BAD9F8FE35}.Debug|Any CPU.Build.0 = Debug|Any CPU
		{035FE0F0-4B54-48A4-84B1-21BAD9F8FE35}.Debug|x64.ActiveCfg = Debug|Any CPU
		{035FE0F0-4B54-48A4-84B1-21BAD9F8FE35}.Debug|x64.Build.0 = Debug|Any CPU
		{035FE0F0-4B54-48A4-84B1-21BAD9F8FE35}.Debug|x86.ActiveCfg = Debug|Any CPU
		{035FE0F0-4B54-48A4-84B1-21BAD9F8FE35}.Debug|x86.Build.0 = Debug|Any CPU
		{035FE0F0-4B54-48A4-84B1-21BAD9F8FE35}.Release|Any CPU.ActiveCfg = Release|Any CPU
		{035FE0F0-4B54-48A4-84B1-21BAD9F8FE35}.Release|Any CPU.Build.0 = Release|Any CPU
		{035FE0F0-4B54-48A4-84B1-21BAD9F8FE35}.Release|x64.ActiveCfg = Release|Any CPU
		{035FE0F0-4B54-48A4-84B1-21BAD9F8FE35}.Release|x64.Build.0 = Release|Any CPU
		{035FE0F0-4B54-48A4-84B1-21BAD9F8FE35}.Release|x86.ActiveCfg = Release|Any CPU
		{035FE0F0-4B54-48A4-84B1-21BAD9F8FE35}.Release|x86.Build.0 = Release|Any CPU
		{691A5429-983F-4921-A0D7-D9B214674C98}.Debug|Any CPU.ActiveCfg = Debug|Any CPU
		{691A5429-983F-4921-A0D7-D9B214674C98}.Debug|Any CPU.Build.0 = Debug|Any CPU
		{691A5429-983F-4921-A0D7-D9B214674C98}.Debug|x64.ActiveCfg = Debug|Any CPU
		{691A5429-983F-4921-A0D7-D9B214674C98}.Debug|x64.Build.0 = Debug|Any CPU
		{691A5429-983F-4921-A0D7-D9B214674C98}.Debug|x86.ActiveCfg = Debug|Any CPU
		{691A5429-983F-4921-A0D7-D9B214674C98}.Debug|x86.Build.0 = Debug|Any CPU
		{691A5429-983F-4921-A0D7-D9B214674C98}.Release|Any CPU.ActiveCfg = Release|Any CPU
		{691A5429-983F-4921-A0D7-D9B214674C98}.Release|Any CPU.Build.0 = Release|Any CPU
		{691A5429-983F-4921-A0D7-D9B214674C98}.Release|x64.ActiveCfg = Release|Any CPU
		{691A5429-983F-4921-A0D7-D9B214674C98}.Release|x64.Build.0 = Release|Any CPU
		{691A5429-983F-4921-A0D7-D9B214674C98}.Release|x86.ActiveCfg = Release|Any CPU
		{691A5429-983F-4921-A0D7-D9B214674C98}.Release|x86.Build.0 = Release|Any CPU
		{F4A9ABAA-E590-4AA8-AC15-DCFC53E2FE4A}.Debug|Any CPU.ActiveCfg = Debug|Any CPU
		{F4A9ABAA-E590-4AA8-AC15-DCFC53E2FE4A}.Debug|Any CPU.Build.0 = Debug|Any CPU
		{F4A9ABAA-E590-4AA8-AC15-DCFC53E2FE4A}.Debug|x64.ActiveCfg = Debug|Any CPU
		{F4A9ABAA-E590-4AA8-AC15-DCFC53E2FE4A}.Debug|x64.Build.0 = Debug|Any CPU
		{F4A9ABAA-E590-4AA8-AC15-DCFC53E2FE4A}.Debug|x86.ActiveCfg = Debug|Any CPU
		{F4A9ABAA-E590-4AA8-AC15-DCFC53E2FE4A}.Debug|x86.Build.0 = Debug|Any CPU
		{F4A9ABAA-E590-4AA8-AC15-DCFC53E2FE4A}.Release|Any CPU.ActiveCfg = Release|Any CPU
		{F4A9ABAA-E590-4AA8-AC15-DCFC53E2FE4A}.Release|Any CPU.Build.0 = Release|Any CPU
		{F4A9ABAA-E590-4AA8-AC15-DCFC53E2FE4A}.Release|x64.ActiveCfg = Release|Any CPU
		{F4A9ABAA-E590-4AA8-AC15-DCFC53E2FE4A}.Release|x64.Build.0 = Release|Any CPU
		{F4A9ABAA-E590-4AA8-AC15-DCFC53E2FE4A}.Release|x86.ActiveCfg = Release|Any CPU
		{F4A9ABAA-E590-4AA8-AC15-DCFC53E2FE4A}.Release|x86.Build.0 = Release|Any CPU
		{8F9F16B1-678B-424E-98F2-DE7AC5DAE774}.Debug|Any CPU.ActiveCfg = Debug|Any CPU
		{8F9F16B1-678B-424E-98F2-DE7AC5DAE774}.Debug|Any CPU.Build.0 = Debug|Any CPU
		{8F9F16B1-678B-424E-98F2-DE7AC5DAE774}.Debug|x64.ActiveCfg = Debug|Any CPU
		{8F9F16B1-678B-424E-98F2-DE7AC5DAE774}.Debug|x64.Build.0 = Debug|Any CPU
		{8F9F16B1-678B-424E-98F2-DE7AC5DAE774}.Debug|x86.ActiveCfg = Debug|Any CPU
		{8F9F16B1-678B-424E-98F2-DE7AC5DAE774}.Debug|x86.Build.0 = Debug|Any CPU
		{8F9F16B1-678B-424E-98F2-DE7AC5DAE774}.Release|Any CPU.ActiveCfg = Release|Any CPU
		{8F9F16B1-678B-424E-98F2-DE7AC5DAE774}.Release|Any CPU.Build.0 = Release|Any CPU
		{8F9F16B1-678B-424E-98F2-DE7AC5DAE774}.Release|x64.ActiveCfg = Release|Any CPU
		{8F9F16B1-678B-424E-98F2-DE7AC5DAE774}.Release|x64.Build.0 = Release|Any CPU
		{8F9F16B1-678B-424E-98F2-DE7AC5DAE774}.Release|x86.ActiveCfg = Release|Any CPU
		{8F9F16B1-678B-424E-98F2-DE7AC5DAE774}.Release|x86.Build.0 = Release|Any CPU
		{B5CA7BBE-1111-4F11-8F7E-CEFA06C02910}.Debug|Any CPU.ActiveCfg = Debug|Any CPU
		{B5CA7BBE-1111-4F11-8F7E-CEFA06C02910}.Debug|Any CPU.Build.0 = Debug|Any CPU
		{B5CA7BBE-1111-4F11-8F7E-CEFA06C02910}.Debug|x64.ActiveCfg = Debug|Any CPU
		{B5CA7BBE-1111-4F11-8F7E-CEFA06C02910}.Debug|x64.Build.0 = Debug|Any CPU
		{B5CA7BBE-1111-4F11-8F7E-CEFA06C02910}.Debug|x86.ActiveCfg = Debug|Any CPU
		{B5CA7BBE-1111-4F11-8F7E-CEFA06C02910}.Debug|x86.Build.0 = Debug|Any CPU
		{B5CA7BBE-1111-4F11-8F7E-CEFA06C02910}.Release|Any CPU.ActiveCfg = Release|Any CPU
		{B5CA7BBE-1111-4F11-8F7E-CEFA06C02910}.Release|Any CPU.Build.0 = Release|Any CPU
		{B5CA7BBE-1111-4F11-8F7E-CEFA06C02910}.Release|x64.ActiveCfg = Release|Any CPU
		{B5CA7BBE-1111-4F11-8F7E-CEFA06C02910}.Release|x64.Build.0 = Release|Any CPU
		{B5CA7BBE-1111-4F11-8F7E-CEFA06C02910}.Release|x86.ActiveCfg = Release|Any CPU
		{B5CA7BBE-1111-4F11-8F7E-CEFA06C02910}.Release|x86.Build.0 = Release|Any CPU
		{A10C2930-3738-4958-86D5-25671C4B84AA}.Debug|Any CPU.ActiveCfg = Debug|Any CPU
		{A10C2930-3738-4958-86D5-25671C4B84AA}.Debug|Any CPU.Build.0 = Debug|Any CPU
		{A10C2930-3738-4958-86D5-25671C4B84AA}.Debug|x64.ActiveCfg = Debug|Any CPU
		{A10C2930-3738-4958-86D5-25671C4B84AA}.Debug|x64.Build.0 = Debug|Any CPU
		{A10C2930-3738-4958-86D5-25671C4B84AA}.Debug|x86.ActiveCfg = Debug|Any CPU
		{A10C2930-3738-4958-86D5-25671C4B84AA}.Debug|x86.Build.0 = Debug|Any CPU
		{A10C2930-3738-4958-86D5-25671C4B84AA}.Release|Any CPU.ActiveCfg = Release|Any CPU
		{A10C2930-3738-4958-86D5-25671C4B84AA}.Release|Any CPU.Build.0 = Release|Any CPU
		{A10C2930-3738-4958-86D5-25671C4B84AA}.Release|x64.ActiveCfg = Release|Any CPU
		{A10C2930-3738-4958-86D5-25671C4B84AA}.Release|x64.Build.0 = Release|Any CPU
		{A10C2930-3738-4958-86D5-25671C4B84AA}.Release|x86.ActiveCfg = Release|Any CPU
		{A10C2930-3738-4958-86D5-25671C4B84AA}.Release|x86.Build.0 = Release|Any CPU
		{7B0A7A1C-E7D5-4111-A554-3EB0654C2DBC}.Debug|Any CPU.ActiveCfg = Debug|Any CPU
		{7B0A7A1C-E7D5-4111-A554-3EB0654C2DBC}.Debug|Any CPU.Build.0 = Debug|Any CPU
		{7B0A7A1C-E7D5-4111-A554-3EB0654C2DBC}.Debug|x64.ActiveCfg = Debug|Any CPU
		{7B0A7A1C-E7D5-4111-A554-3EB0654C2DBC}.Debug|x64.Build.0 = Debug|Any CPU
		{7B0A7A1C-E7D5-4111-A554-3EB0654C2DBC}.Debug|x86.ActiveCfg = Debug|Any CPU
		{7B0A7A1C-E7D5-4111-A554-3EB0654C2DBC}.Debug|x86.Build.0 = Debug|Any CPU
		{7B0A7A1C-E7D5-4111-A554-3EB0654C2DBC}.Release|Any CPU.ActiveCfg = Release|Any CPU
		{7B0A7A1C-E7D5-4111-A554-3EB0654C2DBC}.Release|Any CPU.Build.0 = Release|Any CPU
		{7B0A7A1C-E7D5-4111-A554-3EB0654C2DBC}.Release|x64.ActiveCfg = Release|Any CPU
		{7B0A7A1C-E7D5-4111-A554-3EB0654C2DBC}.Release|x64.Build.0 = Release|Any CPU
		{7B0A7A1C-E7D5-4111-A554-3EB0654C2DBC}.Release|x86.ActiveCfg = Release|Any CPU
		{7B0A7A1C-E7D5-4111-A554-3EB0654C2DBC}.Release|x86.Build.0 = Release|Any CPU
		{834261DF-E704-4398-B10C-23034FDA612F}.Debug|Any CPU.ActiveCfg = Debug|Any CPU
		{834261DF-E704-4398-B10C-23034FDA612F}.Debug|Any CPU.Build.0 = Debug|Any CPU
		{834261DF-E704-4398-B10C-23034FDA612F}.Debug|x64.ActiveCfg = Debug|Any CPU
		{834261DF-E704-4398-B10C-23034FDA612F}.Debug|x64.Build.0 = Debug|Any CPU
		{834261DF-E704-4398-B10C-23034FDA612F}.Debug|x86.ActiveCfg = Debug|Any CPU
		{834261DF-E704-4398-B10C-23034FDA612F}.Debug|x86.Build.0 = Debug|Any CPU
		{834261DF-E704-4398-B10C-23034FDA612F}.Release|Any CPU.ActiveCfg = Release|Any CPU
		{834261DF-E704-4398-B10C-23034FDA612F}.Release|Any CPU.Build.0 = Release|Any CPU
		{834261DF-E704-4398-B10C-23034FDA612F}.Release|x64.ActiveCfg = Release|Any CPU
		{834261DF-E704-4398-B10C-23034FDA612F}.Release|x64.Build.0 = Release|Any CPU
		{834261DF-E704-4398-B10C-23034FDA612F}.Release|x86.ActiveCfg = Release|Any CPU
		{834261DF-E704-4398-B10C-23034FDA612F}.Release|x86.Build.0 = Release|Any CPU
		{AD9170FA-F8E4-4AFD-83A3-E388D26D587D}.Debug|Any CPU.ActiveCfg = Debug|Any CPU
		{AD9170FA-F8E4-4AFD-83A3-E388D26D587D}.Debug|Any CPU.Build.0 = Debug|Any CPU
		{AD9170FA-F8E4-4AFD-83A3-E388D26D587D}.Debug|x64.ActiveCfg = Debug|Any CPU
		{AD9170FA-F8E4-4AFD-83A3-E388D26D587D}.Debug|x64.Build.0 = Debug|Any CPU
		{AD9170FA-F8E4-4AFD-83A3-E388D26D587D}.Debug|x86.ActiveCfg = Debug|Any CPU
		{AD9170FA-F8E4-4AFD-83A3-E388D26D587D}.Debug|x86.Build.0 = Debug|Any CPU
		{AD9170FA-F8E4-4AFD-83A3-E388D26D587D}.Release|Any CPU.ActiveCfg = Release|Any CPU
		{AD9170FA-F8E4-4AFD-83A3-E388D26D587D}.Release|Any CPU.Build.0 = Release|Any CPU
		{AD9170FA-F8E4-4AFD-83A3-E388D26D587D}.Release|x64.ActiveCfg = Release|Any CPU
		{AD9170FA-F8E4-4AFD-83A3-E388D26D587D}.Release|x64.Build.0 = Release|Any CPU
		{AD9170FA-F8E4-4AFD-83A3-E388D26D587D}.Release|x86.ActiveCfg = Release|Any CPU
		{AD9170FA-F8E4-4AFD-83A3-E388D26D587D}.Release|x86.Build.0 = Release|Any CPU
		{EDEB416C-C9C8-4ECD-BAC8-E3CC14E7995F}.Debug|Any CPU.ActiveCfg = Debug|Any CPU
		{EDEB416C-C9C8-4ECD-BAC8-E3CC14E7995F}.Debug|Any CPU.Build.0 = Debug|Any CPU
		{EDEB416C-C9C8-4ECD-BAC8-E3CC14E7995F}.Debug|x64.ActiveCfg = Debug|Any CPU
		{EDEB416C-C9C8-4ECD-BAC8-E3CC14E7995F}.Debug|x64.Build.0 = Debug|Any CPU
		{EDEB416C-C9C8-4ECD-BAC8-E3CC14E7995F}.Debug|x86.ActiveCfg = Debug|Any CPU
		{EDEB416C-C9C8-4ECD-BAC8-E3CC14E7995F}.Debug|x86.Build.0 = Debug|Any CPU
		{EDEB416C-C9C8-4ECD-BAC8-E3CC14E7995F}.Release|Any CPU.ActiveCfg = Release|Any CPU
		{EDEB416C-C9C8-4ECD-BAC8-E3CC14E7995F}.Release|Any CPU.Build.0 = Release|Any CPU
		{EDEB416C-C9C8-4ECD-BAC8-E3CC14E7995F}.Release|x64.ActiveCfg = Release|Any CPU
		{EDEB416C-C9C8-4ECD-BAC8-E3CC14E7995F}.Release|x64.Build.0 = Release|Any CPU
		{EDEB416C-C9C8-4ECD-BAC8-E3CC14E7995F}.Release|x86.ActiveCfg = Release|Any CPU
		{EDEB416C-C9C8-4ECD-BAC8-E3CC14E7995F}.Release|x86.Build.0 = Release|Any CPU
		{405C9B59-CDA7-47FD-9CA9-45586672AF07}.Debug|Any CPU.ActiveCfg = Debug|Any CPU
		{405C9B59-CDA7-47FD-9CA9-45586672AF07}.Debug|Any CPU.Build.0 = Debug|Any CPU
		{405C9B59-CDA7-47FD-9CA9-45586672AF07}.Debug|x64.ActiveCfg = Debug|Any CPU
		{405C9B59-CDA7-47FD-9CA9-45586672AF07}.Debug|x64.Build.0 = Debug|Any CPU
		{405C9B59-CDA7-47FD-9CA9-45586672AF07}.Debug|x86.ActiveCfg = Debug|Any CPU
		{405C9B59-CDA7-47FD-9CA9-45586672AF07}.Debug|x86.Build.0 = Debug|Any CPU
		{405C9B59-CDA7-47FD-9CA9-45586672AF07}.Release|Any CPU.ActiveCfg = Release|Any CPU
		{405C9B59-CDA7-47FD-9CA9-45586672AF07}.Release|Any CPU.Build.0 = Release|Any CPU
		{405C9B59-CDA7-47FD-9CA9-45586672AF07}.Release|x64.ActiveCfg = Release|Any CPU
		{405C9B59-CDA7-47FD-9CA9-45586672AF07}.Release|x64.Build.0 = Release|Any CPU
		{405C9B59-CDA7-47FD-9CA9-45586672AF07}.Release|x86.ActiveCfg = Release|Any CPU
		{405C9B59-CDA7-47FD-9CA9-45586672AF07}.Release|x86.Build.0 = Release|Any CPU
		{09CAC42D-E2C1-4409-9756-C5661340FE93}.Debug|Any CPU.ActiveCfg = Debug|x64
		{09CAC42D-E2C1-4409-9756-C5661340FE93}.Debug|Any CPU.Build.0 = Debug|x64
		{09CAC42D-E2C1-4409-9756-C5661340FE93}.Debug|x64.ActiveCfg = Debug|x64
		{09CAC42D-E2C1-4409-9756-C5661340FE93}.Debug|x64.Build.0 = Debug|x64
		{09CAC42D-E2C1-4409-9756-C5661340FE93}.Debug|x86.ActiveCfg = Debug|x86
		{09CAC42D-E2C1-4409-9756-C5661340FE93}.Debug|x86.Build.0 = Debug|x86
		{09CAC42D-E2C1-4409-9756-C5661340FE93}.Release|Any CPU.ActiveCfg = Release|x64
		{09CAC42D-E2C1-4409-9756-C5661340FE93}.Release|Any CPU.Build.0 = Release|x64
		{09CAC42D-E2C1-4409-9756-C5661340FE93}.Release|x64.ActiveCfg = Release|x64
		{09CAC42D-E2C1-4409-9756-C5661340FE93}.Release|x64.Build.0 = Release|x64
		{09CAC42D-E2C1-4409-9756-C5661340FE93}.Release|x86.ActiveCfg = Release|x86
		{09CAC42D-E2C1-4409-9756-C5661340FE93}.Release|x86.Build.0 = Release|x86
	EndGlobalSection
	GlobalSection(SolutionProperties) = preSolution
		HideSolutionNode = FALSE
	EndGlobalSection
	GlobalSection(NestedProjects) = preSolution
		{035FE0F0-4B54-48A4-84B1-21BAD9F8FE35} = {827E0CD3-B72D-47B6-A68D-7590B98EB39B}
		{691A5429-983F-4921-A0D7-D9B214674C98} = {827E0CD3-B72D-47B6-A68D-7590B98EB39B}
		{F4A9ABAA-E590-4AA8-AC15-DCFC53E2FE4A} = {827E0CD3-B72D-47B6-A68D-7590B98EB39B}
		{8F9F16B1-678B-424E-98F2-DE7AC5DAE774} = {827E0CD3-B72D-47B6-A68D-7590B98EB39B}
		{B5CA7BBE-1111-4F11-8F7E-CEFA06C02910} = {C97B54B4-1C77-4B24-9E2D-7941F6214263}
		{A10C2930-3738-4958-86D5-25671C4B84AA} = {F2D83D03-F5A3-4E3B-9DBA-D2494499883C}
		{7B0A7A1C-E7D5-4111-A554-3EB0654C2DBC} = {0AB3BF05-4346-4AA6-1389-037BE0695223}
		{834261DF-E704-4398-B10C-23034FDA612F} = {0AB3BF05-4346-4AA6-1389-037BE0695223}
		{AD9170FA-F8E4-4AFD-83A3-E388D26D587D} = {0AB3BF05-4346-4AA6-1389-037BE0695223}
		{EDEB416C-C9C8-4ECD-BAC8-E3CC14E7995F} = {827E0CD3-B72D-47B6-A68D-7590B98EB39B}
		{405C9B59-CDA7-47FD-9CA9-45586672AF07} = {0AB3BF05-4346-4AA6-1389-037BE0695223}
		{09CAC42D-E2C1-4409-9756-C5661340FE93} = {827E0CD3-B72D-47B6-A68D-7590B98EB39B}
	EndGlobalSection
EndGlobal
